
Microsoft Visual Studio Solution File, Format Version 12.00
# Visual Studio 15
VisualStudioVersion = 15.0.27703.2000
MinimumVisualStudioVersion = 10.0.40219.1
Project("{FAE04EC0-301F-11D3-BF4B-00C04F79EFBC}") = "EV_Curso", "EV_Curso\EV_Curso.csproj", "{D7977C05-573E-4009-8723-329A8EDA7387}"
EndProject
Global
	GlobalSection(SolutionConfigurationPlatforms) = preSolution
		Debug|Any CPU = Debug|Any CPU
		Release|Any CPU = Release|Any CPU
	EndGlobalSection
	GlobalSection(ProjectConfigurationPlatforms) = postSolution
		{D7977C05-573E-4009-8723-329A8EDA7387}.Debug|Any CPU.ActiveCfg = Debug|Any CPU
		{D7977C05-573E-4009-8723-329A8EDA7387}.Debug|Any CPU.Build.0 = Debug|Any CPU
		{D7977C05-573E-4009-8723-329A8EDA7387}.Release|Any CPU.ActiveCfg = Release|Any CPU
		{D7977C05-573E-4009-8723-329A8EDA7387}.Release|Any CPU.Build.0 = Release|Any CPU
	EndGlobalSection
	GlobalSection(SolutionProperties) = preSolution
		HideSolutionNode = FALSE
	EndGlobalSection
	GlobalSection(ExtensibilityGlobals) = postSolution
		SolutionGuid = {E7A2E2CE-5F9C-418C-971C-F1A0AEE17DA2}
	EndGlobalSection
EndGlobal
